{
  "nodes": {
    "catppuccin": {
      "locked": {
        "lastModified": 1721766468,
        "narHash": "sha256-QP6ieeGxzvF1d2mMNN6zZ1PfCH/5c+lyUe8yL0GNcd0=",
        "owner": "techyporcupine",
        "repo": "ctp-nix",
        "rev": "e9041c8051a132456402800fde2121f431f793e7",
        "type": "github"
      },
      "original": {
        "owner": "techyporcupine",
        "repo": "ctp-nix",
        "type": "github"
      }
    },
    "crane": {
      "inputs": {
        "nixpkgs": [
          "lanzaboote",
          "nixpkgs"
        ]
      },
      "locked": {
        "lastModified": 1717535930,
        "narHash": "sha256-1hZ/txnbd/RmiBPNUs7i8UQw2N89uAK3UzrGAWdnFfU=",
        "owner": "ipetkov",
        "repo": "crane",
        "rev": "55e7754ec31dac78980c8be45f8a28e80e370946",
        "type": "github"
      },
      "original": {
        "owner": "ipetkov",
        "repo": "crane",
        "type": "github"
      }
    },
    "disko": {
      "inputs": {
        "nixpkgs": [
          "nixpkgs"
        ]
      },
      "locked": {
        "lastModified": 1735048446,
        "narHash": "sha256-Tc35Y8H+krA6rZeOIczsaGAtobSSBPqR32AfNTeHDRc=",
        "owner": "nix-community",
        "repo": "disko",
        "rev": "3a4de9fa3a78ba7b7170dda6bd8b4cdab87c0b21",
        "type": "github"
      },
      "original": {
        "owner": "nix-community",
        "repo": "disko",
        "type": "github"
      }
    },
    "flake-compat": {
      "flake": false,
      "locked": {
        "lastModified": 1696426674,
        "narHash": "sha256-kvjfFW7WAETZlt09AgDn1MrtKzP7t90Vf7vypd3OL1U=",
        "owner": "edolstra",
        "repo": "flake-compat",
        "rev": "0f9255e01c2351cc7d116c072cb317785dd33b33",
        "type": "github"
      },
      "original": {
        "owner": "edolstra",
        "repo": "flake-compat",
        "type": "github"
      }
    },
    "flake-compat_2": {
      "flake": false,
      "locked": {
        "lastModified": 1673956053,
        "narHash": "sha256-4gtG9iQuiKITOjNQQeQIpoIB6b16fm+504Ch3sNKLd8=",
        "owner": "edolstra",
        "repo": "flake-compat",
        "rev": "35bb57c0c8d8b62bbfd284272c928ceb64ddbde9",
        "type": "github"
      },
      "original": {
        "owner": "edolstra",
        "repo": "flake-compat",
        "type": "github"
      }
    },
    "flake-compat_3": {
      "flake": false,
      "locked": {
        "lastModified": 1732722421,
        "narHash": "sha256-HRJ/18p+WoXpWJkcdsk9St5ZiukCqSDgbOGFa8Okehg=",
        "owner": "edolstra",
        "repo": "flake-compat",
        "rev": "9ed2ac151eada2306ca8c418ebd97807bb08f6ac",
        "type": "github"
      },
      "original": {
        "owner": "edolstra",
        "repo": "flake-compat",
        "type": "github"
      }
    },
    "flake-parts": {
      "inputs": {
        "nixpkgs-lib": [
          "lanzaboote",
          "nixpkgs"
        ]
      },
      "locked": {
        "lastModified": 1717285511,
        "narHash": "sha256-iKzJcpdXih14qYVcZ9QC9XuZYnPc6T8YImb6dX166kw=",
        "owner": "hercules-ci",
        "repo": "flake-parts",
        "rev": "2a55567fcf15b1b1c7ed712a2c6fadaec7412ea8",
        "type": "github"
      },
      "original": {
        "owner": "hercules-ci",
        "repo": "flake-parts",
        "type": "github"
      }
    },
    "flake-schemas": {
      "locked": {
        "lastModified": 1721999734,
        "narHash": "sha256-G5CxYeJVm4lcEtaO87LKzOsVnWeTcHGKbKxNamNWgOw=",
        "rev": "0a5c42297d870156d9c57d8f99e476b738dcd982",
        "revCount": 75,
        "type": "tarball",
        "url": "https://api.flakehub.com/f/pinned/DeterminateSystems/flake-schemas/0.1.5/0190ef2f-61e0-794b-ba14-e82f225e55e6/source.tar.gz"
      },
      "original": {
        "type": "tarball",
        "url": "https://flakehub.com/f/DeterminateSystems/flake-schemas/%3D0.1.5.tar.gz"
      }
    },
    "flake-utils": {
      "inputs": {
        "systems": "systems_3"
      },
      "locked": {
        "lastModified": 1731533236,
        "narHash": "sha256-l0KFg5HjrsfsO/JpG+r7fRrqm12kzFHyUHqHCVpMMbI=",
        "owner": "numtide",
        "repo": "flake-utils",
        "rev": "11707dc2f618dd54ca8739b309ec4fc024de578b",
        "type": "github"
      },
      "original": {
        "owner": "numtide",
        "repo": "flake-utils",
        "type": "github"
      }
    },
    "flake-utils_2": {
      "inputs": {
        "systems": "systems_4"
      },
      "locked": {
        "lastModified": 1710146030,
        "narHash": "sha256-SZ5L6eA7HJ/nmkzGG7/ISclqe6oZdOZTNoesiInkXPQ=",
        "owner": "numtide",
        "repo": "flake-utils",
        "rev": "b1d9ab70662946ef0850d488da1c9019f3a9752a",
        "type": "github"
      },
      "original": {
        "owner": "numtide",
        "repo": "flake-utils",
        "type": "github"
      }
    },
    "flake-utils_3": {
      "inputs": {
        "systems": "systems_5"
      },
      "locked": {
        "lastModified": 1681202837,
        "narHash": "sha256-H+Rh19JDwRtpVPAWp64F+rlEtxUWBAQW28eAi3SRSzg=",
        "owner": "numtide",
        "repo": "flake-utils",
        "rev": "cfacdce06f30d2b68473a46042957675eebb3401",
        "type": "github"
      },
      "original": {
        "owner": "numtide",
        "repo": "flake-utils",
        "type": "github"
      }
    },
    "gitignore": {
      "inputs": {
        "nixpkgs": [
          "lanzaboote",
          "pre-commit-hooks-nix",
          "nixpkgs"
        ]
      },
      "locked": {
        "lastModified": 1709087332,
        "narHash": "sha256-HG2cCnktfHsKV0s4XW83gU3F57gaTljL9KNSuG6bnQs=",
        "owner": "hercules-ci",
        "repo": "gitignore.nix",
        "rev": "637db329424fd7e46cf4185293b9cc8c88c95394",
        "type": "github"
      },
      "original": {
        "owner": "hercules-ci",
        "repo": "gitignore.nix",
        "type": "github"
      }
    },
    "home-manager": {
      "inputs": {
        "nixpkgs": [
          "nixpkgs"
        ]
      },
      "locked": {
        "lastModified": 1735053786,
        "narHash": "sha256-Gm+0DcbUS338vvkwyYWms5jsWlx8z8MeQBzcnIDuIkw=",
        "owner": "nix-community",
        "repo": "home-manager",
        "rev": "35b98d20ca8f4ca1f6a2c30b8a2c8bb305a36d84",
        "type": "github"
      },
      "original": {
        "owner": "nix-community",
        "repo": "home-manager",
        "type": "github"
      }
    },
    "home-manager_2": {
      "inputs": {
        "nixpkgs": [
          "nyx",
          "nixpkgs"
        ]
      },
      "locked": {
        "lastModified": 1734622215,
        "narHash": "sha256-OOfI0XhSJGHblfdNDhfnn8QnZxng63rWk9eeJ2tCbiI=",
        "owner": "nix-community",
        "repo": "home-manager",
        "rev": "1395379a7a36e40f2a76e7b9936cc52950baa1be",
        "type": "github"
      },
      "original": {
        "owner": "nix-community",
        "repo": "home-manager",
        "type": "github"
      }
    },
    "hyprgraphics": {
      "inputs": {
        "hyprutils": [
          "hyprpaper",
          "hyprutils"
        ],
        "nixpkgs": [
          "hyprpaper",
          "nixpkgs"
        ],
        "systems": [
          "hyprpaper",
          "systems"
        ]
      },
      "locked": {
        "lastModified": 1734906236,
        "narHash": "sha256-vH/ysV2ONGQgYZPtcJKwc8jJivzyVxru2aaOxC20ZOE=",
        "owner": "hyprwm",
        "repo": "hyprgraphics",
        "rev": "6dea3fba08fd704dd624b6d4b261638fb4003c9c",
        "type": "github"
      },
      "original": {
        "owner": "hyprwm",
        "repo": "hyprgraphics",
        "type": "github"
      }
    },
    "hypridle": {
      "inputs": {
        "hyprlang": "hyprlang",
        "hyprutils": "hyprutils",
        "nixpkgs": [
          "nixpkgs"
        ],
        "systems": "systems"
      },
      "locked": {
        "lastModified": 1734384160,
        "narHash": "sha256-zy2uzmlIORQV6VjIqSPhaoUKPLqfzpUQ5UTjmRfrkdg=",
        "owner": "hyprwm",
        "repo": "hypridle",
        "rev": "413564cb986cfc67aeb7c4e750b42dc93ff9810f",
        "type": "github"
      },
      "original": {
        "owner": "hyprwm",
        "ref": "main",
        "repo": "hypridle",
        "type": "github"
      }
    },
    "hyprlang": {
      "inputs": {
        "hyprutils": [
          "hypridle",
          "hyprutils"
        ],
        "nixpkgs": [
          "hypridle",
          "nixpkgs"
        ],
        "systems": [
          "hypridle",
          "systems"
        ]
      },
      "locked": {
        "lastModified": 1734364628,
        "narHash": "sha256-ii8fzJfI953n/EmIxVvq64ZAwhvwuuPHWfGd61/mJG8=",
        "owner": "hyprwm",
        "repo": "hyprlang",
        "rev": "16e59c1eb13d9fb6de066f54e7555eb5e8a4aba5",
        "type": "github"
      },
      "original": {
        "owner": "hyprwm",
        "repo": "hyprlang",
        "type": "github"
      }
    },
    "hyprlang_2": {
      "inputs": {
        "hyprutils": [
          "hyprpaper",
          "hyprutils"
        ],
        "nixpkgs": [
          "hyprpaper",
          "nixpkgs"
        ],
        "systems": [
          "hyprpaper",
          "systems"
        ]
      },
      "locked": {
        "lastModified": 1734906259,
        "narHash": "sha256-P79t/7HbACO4/PuJBroGpTptvCWJtXTv+gWsF+sM6MI=",
        "owner": "hyprwm",
        "repo": "hyprlang",
        "rev": "0404833ea18d543df44df935ebf1b497310eb046",
        "type": "github"
      },
      "original": {
        "owner": "hyprwm",
        "repo": "hyprlang",
        "type": "github"
      }
    },
    "hyprpaper": {
      "inputs": {
        "hyprgraphics": "hyprgraphics",
        "hyprlang": "hyprlang_2",
        "hyprutils": "hyprutils_2",
        "hyprwayland-scanner": "hyprwayland-scanner",
        "nixpkgs": [
          "nixpkgs"
        ],
        "systems": "systems_2"
      },
      "locked": {
        "lastModified": 1734906298,
        "narHash": "sha256-L0zaWJi2wS/kgdY1WOM8xJuiXDBDh1TMMKLRcmy5ycs=",
        "owner": "hyprwm",
        "repo": "hyprpaper",
        "rev": "2f305d5f480c12882578e74498301129705a1bb5",
        "type": "github"
      },
      "original": {
        "owner": "hyprwm",
        "ref": "main",
        "repo": "hyprpaper",
        "type": "github"
      }
    },
    "hyprutils": {
      "inputs": {
        "nixpkgs": [
          "hypridle",
          "nixpkgs"
        ],
        "systems": [
          "hypridle",
          "systems"
        ]
      },
      "locked": {
        "lastModified": 1733502241,
        "narHash": "sha256-KAUNC4Dgq8WQjYov5auBw/usaHixhacvb7cRDd0AG/k=",
        "owner": "hyprwm",
        "repo": "hyprutils",
        "rev": "104117aed6dd68561be38b50f218190aa47f2cd8",
        "type": "github"
      },
      "original": {
        "owner": "hyprwm",
        "repo": "hyprutils",
        "type": "github"
      }
    },
    "hyprutils_2": {
      "inputs": {
        "nixpkgs": [
          "hyprpaper",
          "nixpkgs"
        ],
        "systems": [
          "hyprpaper",
          "systems"
        ]
      },
      "locked": {
        "lastModified": 1734796073,
        "narHash": "sha256-TnuKsa8OHrSJEmHm3TLGOWbPNA1gRjmZLsRzKrCqOsg=",
        "owner": "hyprwm",
        "repo": "hyprutils",
        "rev": "c3331116ebd0b71df5ae8c6efe9a7f94148b03bf",
        "type": "github"
      },
      "original": {
        "owner": "hyprwm",
        "repo": "hyprutils",
        "type": "github"
      }
    },
    "hyprwayland-scanner": {
      "inputs": {
        "nixpkgs": [
          "hyprpaper",
          "nixpkgs"
        ],
        "systems": [
          "hyprpaper",
          "systems"
        ]
      },
      "locked": {
        "lastModified": 1734793513,
        "narHash": "sha256-rrrHcXapXJvGFqX+L/Bb0182L25jofAZ0fm1FInvrTQ=",
        "owner": "hyprwm",
        "repo": "hyprwayland-scanner",
        "rev": "4d7367b6eee87397e2dbca2e78078dd0a4ef4c61",
        "type": "github"
      },
      "original": {
        "owner": "hyprwm",
        "repo": "hyprwayland-scanner",
        "type": "github"
      }
    },
    "jovian": {
      "inputs": {
        "nix-github-actions": "nix-github-actions",
        "nixpkgs": [
          "nyx",
          "nixpkgs"
        ]
      },
      "locked": {
        "lastModified": 1734725857,
        "narHash": "sha256-bivlV9l/UjMtTfz/CZaoNJ5RfH2Lre4P9Ds64conoUQ=",
        "owner": "Jovian-Experiments",
        "repo": "Jovian-NixOS",
        "rev": "dbae2fd6adaf34c947d310bec08deac7c4ed265b",
        "type": "github"
      },
      "original": {
        "owner": "Jovian-Experiments",
        "repo": "Jovian-NixOS",
        "type": "github"
      }
    },
    "ladybird": {
      "inputs": {
        "flake-utils": "flake-utils",
        "nixpkgs": [
          "nixpkgs"
        ]
      },
      "locked": {
        "lastModified": 1735236644,
        "narHash": "sha256-IFs/5InHeDUJFmJpg5tSHS/FTe4JdN/88o5DqYWHRvg=",
        "owner": "LadybirdBrowser",
        "repo": "ladybird",
        "rev": "3bfb0534be7484cf4e2efb053742d2620efbb74f",
        "type": "github"
      },
      "original": {
        "owner": "LadybirdBrowser",
        "repo": "ladybird",
        "type": "github"
      }
    },
    "lanzaboote": {
      "inputs": {
        "crane": "crane",
        "flake-compat": "flake-compat",
        "flake-parts": "flake-parts",
        "flake-utils": "flake-utils_2",
        "nixpkgs": [
          "nixpkgs"
        ],
        "pre-commit-hooks-nix": "pre-commit-hooks-nix",
        "rust-overlay": "rust-overlay"
      },
      "locked": {
        "lastModified": 1718178907,
        "narHash": "sha256-eSZyrQ9uoPB9iPQ8Y5H7gAmAgAvCw3InStmU3oEjqsE=",
        "owner": "nix-community",
        "repo": "lanzaboote",
        "rev": "b627ccd97d0159214cee5c7db1412b75e4be6086",
        "type": "github"
      },
      "original": {
        "owner": "nix-community",
        "ref": "v0.4.1",
        "repo": "lanzaboote",
        "type": "github"
      }
    },
    "nix-github-actions": {
      "inputs": {
        "nixpkgs": [
          "nyx",
          "jovian",
          "nixpkgs"
        ]
      },
      "locked": {
        "lastModified": 1729697500,
        "narHash": "sha256-VFTWrbzDlZyFHHb1AlKRiD/qqCJIripXKiCSFS8fAOY=",
        "owner": "zhaofengli",
        "repo": "nix-github-actions",
        "rev": "e418aeb728b6aa5ca8c5c71974e7159c2df1d8cf",
        "type": "github"
      },
      "original": {
        "owner": "zhaofengli",
        "ref": "matrix-name",
        "repo": "nix-github-actions",
        "type": "github"
      }
    },
    "nix-minecraft": {
      "inputs": {
        "flake-compat": "flake-compat_2",
        "flake-utils": "flake-utils_3",
        "nixpkgs": [
          "nixpkgs"
        ]
      },
      "locked": {
        "lastModified": 1735177529,
        "narHash": "sha256-QywIOkEiff4GzITjFoKLyRoseo8N/wOdddV+L0bYLDw=",
        "owner": "Infinidoge",
        "repo": "nix-minecraft",
        "rev": "2bc6a3ca99a9366e348147a7ce493e51fad55c96",
        "type": "github"
      },
      "original": {
        "owner": "Infinidoge",
        "repo": "nix-minecraft",
        "type": "github"
      }
    },
    "nixos-hardware": {
      "locked": {
        "lastModified": 1734954597,
        "narHash": "sha256-QIhd8/0x30gEv8XEE1iAnrdMlKuQ0EzthfDR7Hwl+fk=",
        "owner": "NixOS",
        "repo": "nixos-hardware",
        "rev": "def1d472c832d77885f174089b0d34854b007198",
        "type": "github"
      },
      "original": {
        "owner": "NixOS",
        "ref": "master",
        "repo": "nixos-hardware",
        "type": "github"
      }
    },
    "nixpkgs": {
      "locked": {
        "lastModified": 1734649271,
        "narHash": "sha256-4EVBRhOjMDuGtMaofAIqzJbg4Ql7Ai0PSeuVZTHjyKQ=",
        "owner": "nixos",
        "repo": "nixpkgs",
        "rev": "d70bd19e0a38ad4790d3913bf08fcbfc9eeca507",
        "type": "github"
      },
      "original": {
        "owner": "nixos",
        "ref": "nixos-unstable",
        "repo": "nixpkgs",
        "type": "github"
      }
    },
    "nixpkgs-small": {
      "locked": {
        "lastModified": 1734838250,
        "narHash": "sha256-Xi8ST/QiyuYXc3ujnMYOBuRUaMh6p16XWH6BKARa7xQ=",
        "owner": "NixOS",
        "repo": "nixpkgs",
        "rev": "da8a31d09dd004be34b5c54eda83f9a27b357726",
        "type": "github"
      },
      "original": {
        "owner": "NixOS",
        "ref": "nixos-unstable-small",
        "repo": "nixpkgs",
        "type": "github"
      }
    },
    "nixpkgs-stable": {
      "locked": {
        "lastModified": 1710695816,
        "narHash": "sha256-3Eh7fhEID17pv9ZxrPwCLfqXnYP006RKzSs0JptsN84=",
        "owner": "NixOS",
        "repo": "nixpkgs",
        "rev": "614b4613980a522ba49f0d194531beddbb7220d3",
        "type": "github"
      },
      "original": {
        "owner": "NixOS",
        "ref": "nixos-23.11",
        "repo": "nixpkgs",
        "type": "github"
      }
    },
    "nixpkgs-stable_2": {
      "locked": {
        "lastModified": 1735066050,
        "narHash": "sha256-vCBl6vYGi0QB11TMqdndLa7/UzxvuJUvKazlEnMTEX4=",
        "owner": "nixos",
        "repo": "nixpkgs",
        "rev": "17fcc7929706c2bd08db2b785edbb23a66b2f681",
        "type": "github"
      },
      "original": {
        "owner": "nixos",
        "ref": "nixos-24.05",
        "repo": "nixpkgs",
        "type": "github"
      }
    },
    "nixpkgs-staging": {
      "locked": {
        "lastModified": 1735236263,
        "narHash": "sha256-fYv47K1UIrSVW6MLul/Vdv+MHPQxKGbn3vrCnciSMkc=",
        "owner": "nixos",
        "repo": "nixpkgs",
        "rev": "25dc0f0a93a1b02d00fd5666a7bcf6a3d3769bdb",
        "type": "github"
      },
      "original": {
        "owner": "nixos",
        "ref": "staging-next",
        "repo": "nixpkgs",
        "type": "github"
      }
    },
    "nixpkgs-tp": {
      "locked": {
        "lastModified": 1727964900,
        "narHash": "sha256-UXlzsSZ/W3BDJncQpss9wpQ2FC5F85N55FaTcGP7nVY=",
        "owner": "techyporcupine",
        "repo": "nixpkgs",
        "rev": "635c7ea3298176e57716e88ed3d820ce66766c91",
        "type": "github"
      },
      "original": {
        "owner": "techyporcupine",
        "repo": "nixpkgs",
        "type": "github"
      }
    },
    "nixpkgs_2": {
      "locked": {
        "lastModified": 1713128889,
        "narHash": "sha256-aB90ZqzosyRDpBh+rILIcyP5lao8SKz8Sr2PSWvZrzk=",
        "owner": "nixos",
        "repo": "nixpkgs",
        "rev": "2748d22b45a99fb2deafa5f11c7531c212b2cefa",
        "type": "github"
      },
      "original": {
        "owner": "nixos",
        "ref": "nixpkgs-unstable",
        "repo": "nixpkgs",
        "type": "github"
      }
    },
    "nyx": {
      "inputs": {
        "flake-schemas": "flake-schemas",
        "home-manager": "home-manager_2",
        "jovian": "jovian",
        "nixpkgs": [
          "nixpkgs"
        ],
        "nixpkgs-small": "nixpkgs-small"
      },
      "locked": {
        "lastModified": 1734987419,
        "narHash": "sha256-2K4V615Y29QhMUShX9k52l7gXF2erkq9yH9qGRZGKQ0=",
        "owner": "chaotic-cx",
        "repo": "nyx",
        "rev": "d61084b851dbf3072f8b40c3870b0f7938ca3f22",
        "type": "github"
      },
      "original": {
        "owner": "chaotic-cx",
        "repo": "nyx",
        "type": "github"
      }
    },
    "pre-commit-hooks-nix": {
      "inputs": {
        "flake-compat": [
          "lanzaboote",
          "flake-compat"
        ],
        "gitignore": "gitignore",
        "nixpkgs": [
          "lanzaboote",
          "nixpkgs"
        ],
        "nixpkgs-stable": "nixpkgs-stable"
      },
      "locked": {
        "lastModified": 1717664902,
        "narHash": "sha256-7XfBuLULizXjXfBYy/VV+SpYMHreNRHk9nKMsm1bgb4=",
        "owner": "cachix",
        "repo": "pre-commit-hooks.nix",
        "rev": "cc4d466cb1254af050ff7bdf47f6d404a7c646d1",
        "type": "github"
      },
      "original": {
        "owner": "cachix",
        "repo": "pre-commit-hooks.nix",
        "type": "github"
      }
    },
    "root": {
      "inputs": {
        "catppuccin": "catppuccin",
        "disko": "disko",
        "home-manager": "home-manager",
        "hypridle": "hypridle",
        "hyprpaper": "hyprpaper",
        "ladybird": "ladybird",
        "lanzaboote": "lanzaboote",
        "nix-minecraft": "nix-minecraft",
        "nixos-hardware": "nixos-hardware",
        "nixpkgs": "nixpkgs",
        "nixpkgs-stable": "nixpkgs-stable_2",
        "nixpkgs-staging": "nixpkgs-staging",
        "nixpkgs-tp": "nixpkgs-tp",
        "nyx": "nyx",
        "swayfx": "swayfx",
        "waybar": "waybar"
      }
    },
    "rust-overlay": {
      "inputs": {
        "flake-utils": [
          "lanzaboote",
          "flake-utils"
        ],
        "nixpkgs": [
          "lanzaboote",
          "nixpkgs"
        ]
      },
      "locked": {
        "lastModified": 1717813066,
        "narHash": "sha256-wqbRwq3i7g5EHIui0bIi84mdqZ/It1AXBSLJ5tafD28=",
        "owner": "oxalica",
        "repo": "rust-overlay",
        "rev": "6dc3e45fe4aee36efeed24d64fc68b1f989d5465",
        "type": "github"
      },
      "original": {
        "owner": "oxalica",
        "repo": "rust-overlay",
        "type": "github"
      }
    },
    "scenefx": {
      "inputs": {
        "nixpkgs": "nixpkgs_2"
      },
      "locked": {
        "lastModified": 1726812372,
        "narHash": "sha256-JyEaeuwgPr041MaNz7EgvxPmYcx/Z46xEvalw5eu8Q4=",
        "owner": "wlrfx",
        "repo": "scenefx",
        "rev": "be3eea191cb9aecea1ddf4f1399bcbb390027998",
        "type": "github"
      },
      "original": {
        "owner": "wlrfx",
        "repo": "scenefx",
        "type": "github"
      }
    },
    "swayfx": {
      "inputs": {
        "nixpkgs": [
          "nixpkgs"
        ],
        "scenefx": "scenefx"
      },
      "locked": {
        "lastModified": 1731703705,
        "narHash": "sha256-ZzdGyoffeKZARaqEuWpgt+T1DJLBJpJACXXQGprQ/Lo=",
        "ref": "refs/heads/master",
        "rev": "3e4b6b75f4b42b4cb04d883033b04b4a1b57bc90",
        "revCount": 7067,
        "type": "git",
        "url": "https://github.com/WillPower3309/swayfx"
      },
      "original": {
        "type": "git",
        "url": "https://github.com/WillPower3309/swayfx"
      }
    },
    "systems": {
      "locked": {
        "lastModified": 1689347949,
        "narHash": "sha256-12tWmuL2zgBgZkdoB6qXZsgJEH9LR3oUgpaQq2RbI80=",
        "owner": "nix-systems",
        "repo": "default-linux",
        "rev": "31732fcf5e8fea42e59c2488ad31a0e651500f68",
        "type": "github"
      },
      "original": {
        "owner": "nix-systems",
        "repo": "default-linux",
        "type": "github"
      }
    },
    "systems_2": {
      "locked": {
        "lastModified": 1689347949,
        "narHash": "sha256-12tWmuL2zgBgZkdoB6qXZsgJEH9LR3oUgpaQq2RbI80=",
        "owner": "nix-systems",
        "repo": "default-linux",
        "rev": "31732fcf5e8fea42e59c2488ad31a0e651500f68",
        "type": "github"
      },
      "original": {
        "owner": "nix-systems",
        "repo": "default-linux",
        "type": "github"
      }
    },
    "systems_3": {
      "locked": {
        "lastModified": 1681028828,
        "narHash": "sha256-Vy1rq5AaRuLzOxct8nz4T6wlgyUR7zLU309k9mBC768=",
        "owner": "nix-systems",
        "repo": "default",
        "rev": "da67096a3b9bf56a91d16901293e51ba5b49a27e",
        "type": "github"
      },
      "original": {
        "owner": "nix-systems",
        "repo": "default",
        "type": "github"
      }
    },
    "systems_4": {
      "locked": {
        "lastModified": 1681028828,
        "narHash": "sha256-Vy1rq5AaRuLzOxct8nz4T6wlgyUR7zLU309k9mBC768=",
        "owner": "nix-systems",
        "repo": "default",
        "rev": "da67096a3b9bf56a91d16901293e51ba5b49a27e",
        "type": "github"
      },
      "original": {
        "owner": "nix-systems",
        "repo": "default",
        "type": "github"
      }
    },
    "systems_5": {
      "locked": {
        "lastModified": 1681028828,
        "narHash": "sha256-Vy1rq5AaRuLzOxct8nz4T6wlgyUR7zLU309k9mBC768=",
        "owner": "nix-systems",
        "repo": "default",
        "rev": "da67096a3b9bf56a91d16901293e51ba5b49a27e",
        "type": "github"
      },
      "original": {
        "owner": "nix-systems",
        "repo": "default",
        "type": "github"
      }
    },
    "waybar": {
      "inputs": {
        "flake-compat": "flake-compat_3",
        "nixpkgs": [
          "nixpkgs"
        ]
      },
      "locked": {
        "lastModified": 1735202220,
        "narHash": "sha256-dfGt9vD7OcWd1jgUUWczgiKZWuofbsfKdplk1gBaO8M=",
        "owner": "Alexays",
        "repo": "Waybar",
        "rev": "5346649fc68f18eb323bbfe705b3f4194fcfd743",
        "type": "github"
      },
      "original": {
        "owner": "Alexays",
        "ref": "master",
        "repo": "Waybar",
        "type": "github"
      }
    }
  },
  "root": "root",
  "version": 7
}
